
Microsoft Visual Studio Solution File, Format Version 12.00
# Visual Studio Express 2012 for Windows Desktop
Project("{FAE04EC0-301F-11D3-BF4B-00C04F79EFBC}") = "UE2_Translation_Tool", "UE2_Translation_Tool\UE2_Translation_Tool.csproj", "{D9CAADAD-EBA0-4818-8390-23F13A990071}"
EndProject
Project("{FAE04EC0-301F-11D3-BF4B-00C04F79EFBC}") = "C5", "C5\C5.csproj", "{B311476F-3B13-4485-AC30-326BE25FA91F}"
EndProject
Global
	GlobalSection(SolutionConfigurationPlatforms) = preSolution
		Debug|Any CPU = Debug|Any CPU
		Release|Any CPU = Release|Any CPU
	EndGlobalSection
	GlobalSection(ProjectConfigurationPlatforms) = postSolution
		{D9CAADAD-EBA0-4818-8390-23F13A990071}.Debug|Any CPU.ActiveCfg = Debug|Any CPU
		{D9CAADAD-EBA0-4818-8390-23F13A990071}.Debug|Any CPU.Build.0 = Debug|Any CPU
		{D9CAADAD-EBA0-4818-8390-23F13A990071}.Release|Any CPU.ActiveCfg = Release|Any CPU
		{D9CAADAD-EBA0-4818-8390-23F13A990071}.Release|Any CPU.Build.0 = Release|Any CPU
		{B311476F-3B13-4485-AC30-326BE25FA91F}.Debug|Any CPU.ActiveCfg = Debug|Any CPU
		{B311476F-3B13-4485-AC30-326BE25FA91F}.Debug|Any CPU.Build.0 = Debug|Any CPU
		{B311476F-3B13-4485-AC30-326BE25FA91F}.Release|Any CPU.ActiveCfg = Release|Any CPU
		{B311476F-3B13-4485-AC30-326BE25FA91F}.Release|Any CPU.Build.0 = Release|Any CPU
	EndGlobalSection
	GlobalSection(SolutionProperties) = preSolution
		HideSolutionNode = FALSE
	EndGlobalSection
EndGlobal
